// !$*UTF8*$!
{
	archiveVersion = 1;
	classes = {
	};
	objectVersion = 51;
	objects = {

/* Begin PBXBuildFile section */
		F4095118259E1D6C00F51AE8 /* SideMenuViewController.swift in Sources */ = {isa = PBXBuildFile; fileRef = F4095117259E1D6C00F51AE8 /* SideMenuViewController.swift */; };
		F41C0EC82604A49C00F4F45C /* ProfileInfoModel.swift in Sources */ = {isa = PBXBuildFile; fileRef = F41C0EC72604A49C00F4F45C /* ProfileInfoModel.swift */; };
		F41C0ECA260528E900F4F45C /* OpenProfileSingleton.swift in Sources */ = {isa = PBXBuildFile; fileRef = F41C0EC9260528E900F4F45C /* OpenProfileSingleton.swift */; };
		F41C0ECC26052DF100F4F45C /* Date+TimeInterval.swift in Sources */ = {isa = PBXBuildFile; fileRef = F41C0ECB26052DF100F4F45C /* Date+TimeInterval.swift */; };
		F41C0ECE2605FA9C00F4F45C /* CacheService.swift in Sources */ = {isa = PBXBuildFile; fileRef = F41C0ECD2605FA9C00F4F45C /* CacheService.swift */; };
		F41C0EEC260B665600F4F45C /* ImageLoader.swift in Sources */ = {isa = PBXBuildFile; fileRef = F41C0EEA260B665600F4F45C /* ImageLoader.swift */; };
		F41C0EED260B665600F4F45C /* UIImageLoader.swift in Sources */ = {isa = PBXBuildFile; fileRef = F41C0EEB260B665600F4F45C /* UIImageLoader.swift */; };
		F41C0EEF260B669300F4F45C /* ImageViewExt.swift in Sources */ = {isa = PBXBuildFile; fileRef = F41C0EEE260B669300F4F45C /* ImageViewExt.swift */; };
		F4268A742622495700444E3D /* UserTypesandWrapper.swift in Sources */ = {isa = PBXBuildFile; fileRef = F4268A732622495700444E3D /* UserTypesandWrapper.swift */; };
		F4268A76262CDF6F00444E3D /* TunedErrors.swift in Sources */ = {isa = PBXBuildFile; fileRef = F4268A75262CDF6F00444E3D /* TunedErrors.swift */; };
		F4268A78262CE2C800444E3D /* FeedProfileInfoController.swift in Sources */ = {isa = PBXBuildFile; fileRef = F4268A77262CE2C800444E3D /* FeedProfileInfoController.swift */; };
		F42CE54E25E509E000DB5F0A /* ProfileViewController.swift in Sources */ = {isa = PBXBuildFile; fileRef = F42CE54D25E509E000DB5F0A /* ProfileViewController.swift */; };
		F434A1AA259DF99F0025A847 /* GoogleService-Info.plist in Resources */ = {isa = PBXBuildFile; fileRef = F434A1A9259DF99F0025A847 /* GoogleService-Info.plist */; };
		F452C0D425EEAA7300640B55 /* UIButtonExtensions.swift in Sources */ = {isa = PBXBuildFile; fileRef = F452C0D325EEAA7300640B55 /* UIButtonExtensions.swift */; };
		F452C0F325EFB97200640B55 /* UIViewExt.swift in Sources */ = {isa = PBXBuildFile; fileRef = F452C0F225EFB97200640B55 /* UIViewExt.swift */; };
		F464C7B9260DD638004F4967 /* ImageCache.swift in Sources */ = {isa = PBXBuildFile; fileRef = F464C7B8260DD638004F4967 /* ImageCache.swift */; };
		F464C7F926166D9E004F4967 /* CompanyViewCell.swift in Sources */ = {isa = PBXBuildFile; fileRef = F464C7F826166D9E004F4967 /* CompanyViewCell.swift */; };
		F464C8192617AEB4004F4967 /* Main.storyboard in Resources */ = {isa = PBXBuildFile; fileRef = F464C8182617AEB4004F4967 /* Main.storyboard */; };
		F464C81B261886E8004F4967 /* HomeViewModel.swift in Sources */ = {isa = PBXBuildFile; fileRef = F464C81A261886E7004F4967 /* HomeViewModel.swift */; };
		F464C81D2618AA62004F4967 /* HomeController.swift in Sources */ = {isa = PBXBuildFile; fileRef = F464C81C2618AA62004F4967 /* HomeController.swift */; };
		F464C81F261A1638004F4967 /* CompanyViewModel.swift in Sources */ = {isa = PBXBuildFile; fileRef = F464C81E261A1638004F4967 /* CompanyViewModel.swift */; };
		F464C821261B0B28004F4967 /* CellConfigurable.swift in Sources */ = {isa = PBXBuildFile; fileRef = F464C820261B0B28004F4967 /* CellConfigurable.swift */; };
		F493151B25DD5D7400314486 /* CellModel.swift in Sources */ = {isa = PBXBuildFile; fileRef = F493151A25DD5D7400314486 /* CellModel.swift */; };
		F493151F25DD5E0900314486 /* UserCredentialsModel.swift in Sources */ = {isa = PBXBuildFile; fileRef = F493151E25DD5E0900314486 /* UserCredentialsModel.swift */; };
		F4954CB025E28818008E7B69 /* InitialViewController.swift in Sources */ = {isa = PBXBuildFile; fileRef = F4954CAF25E28818008E7B69 /* InitialViewController.swift */; };
		F49A2A9A25E2DEC900DB8080 /* gifLoad.swift in Sources */ = {isa = PBXBuildFile; fileRef = F49A2A9925E2DEC900DB8080 /* gifLoad.swift */; };
		F49AD81C2602986900BA3EFA /* Pods_bucovat.framework in Frameworks */ = {isa = PBXBuildFile; fileRef = A38C32A0F8C99FB5215F9DBF /* Pods_bucovat.framework */; };
		F4B284D6259A4A32005F6565 /* AppDelegate.swift in Sources */ = {isa = PBXBuildFile; fileRef = F4B284D5259A4A32005F6565 /* AppDelegate.swift */; };
		F4B284D8259A4A32005F6565 /* SceneDelegate.swift in Sources */ = {isa = PBXBuildFile; fileRef = F4B284D7259A4A32005F6565 /* SceneDelegate.swift */; };
		F4B284DA259A4A32005F6565 /* ViewController.swift in Sources */ = {isa = PBXBuildFile; fileRef = F4B284D9259A4A32005F6565 /* ViewController.swift */; };
		F4B284DF259A4A36005F6565 /* Assets.xcassets in Resources */ = {isa = PBXBuildFile; fileRef = F4B284DE259A4A36005F6565 /* Assets.xcassets */; };
		F4B284E2259A4A36005F6565 /* LaunchScreen.storyboard in Resources */ = {isa = PBXBuildFile; fileRef = F4B284E0259A4A36005F6565 /* LaunchScreen.storyboard */; };
		F4B284F6259B68EA005F6565 /* HomeVC.swift in Sources */ = {isa = PBXBuildFile; fileRef = F4B284F5259B68EA005F6565 /* HomeVC.swift */; };
		F4B284F9259B69AC005F6565 /* CustomMessageCell.swift in Sources */ = {isa = PBXBuildFile; fileRef = F4B284F8259B69AC005F6565 /* CustomMessageCell.swift */; };
		F4BDAE5D25D2AE3C000BB7EF /* AddPost.swift in Sources */ = {isa = PBXBuildFile; fileRef = F4BDAE5C25D2AE3C000BB7EF /* AddPost.swift */; };
		F4BDAE6025D3C23D000BB7EF /* AddNewPostButton.swift in Sources */ = {isa = PBXBuildFile; fileRef = F4BDAE5F25D3C23D000BB7EF /* AddNewPostButton.swift */; };
		F4D7A8F0259F8009008C2CDA /* LoginViewController.swift in Sources */ = {isa = PBXBuildFile; fileRef = F4D7A8EF259F8009008C2CDA /* LoginViewController.swift */; };
		F4D7A8F6259F8153008C2CDA /* Constants.swift in Sources */ = {isa = PBXBuildFile; fileRef = F4D7A8F4259F8153008C2CDA /* Constants.swift */; };
		F4D7A8F7259F8153008C2CDA /* Utilities.swift in Sources */ = {isa = PBXBuildFile; fileRef = F4D7A8F5259F8153008C2CDA /* Utilities.swift */; };
		F4DD21CE25F6555800A101EA /* PhotoSliderView.swift in Sources */ = {isa = PBXBuildFile; fileRef = F4DD21CD25F6555800A101EA /* PhotoSliderView.swift */; };
		F4EC060125DBB67100DECB38 /* KeyboardToolbar.swift in Sources */ = {isa = PBXBuildFile; fileRef = F4EC060025DBB67100DECB38 /* KeyboardToolbar.swift */; };
		F4EC060425DBB6C200DECB38 /* KeyboardToolbarButton.swift in Sources */ = {isa = PBXBuildFile; fileRef = F4EC060325DBB6C200DECB38 /* KeyboardToolbarButton.swift */; };
		F4EC060725DBCF1300DECB38 /* ImageCell.swift in Sources */ = {isa = PBXBuildFile; fileRef = F4EC060625DBCF1300DECB38 /* ImageCell.swift */; };
		F4EC065C25DD52DD00DECB38 /* FirebaseManager.swift in Sources */ = {isa = PBXBuildFile; fileRef = F4EC065B25DD52DC00DECB38 /* FirebaseManager.swift */; };
		F4FD5F9F25E5138E0045D00C /* (null) in Embed Frameworks */ = {isa = PBXBuildFile; settings = {ATTRIBUTES = (CodeSignOnCopy, RemoveHeadersOnCopy, ); }; };
		F4FFE832260241B3006257BB /* Observable.swift in Sources */ = {isa = PBXBuildFile; fileRef = F4FFE831260241B3006257BB /* Observable.swift */; };
		F4FFE834260241FC006257BB /* ProfileViewModel.swift in Sources */ = {isa = PBXBuildFile; fileRef = F4FFE833260241FC006257BB /* ProfileViewModel.swift */; };
		F4FFE83626024290006257BB /* OpenProfileViewController.swift in Sources */ = {isa = PBXBuildFile; fileRef = F4FFE83526024290006257BB /* OpenProfileViewController.swift */; };
		F4FFE838260243D9006257BB /* OpenProfileController.swift in Sources */ = {isa = PBXBuildFile; fileRef = F4FFE837260243D9006257BB /* OpenProfileController.swift */; };
		F4FFE83C260265D8006257BB /* ProfileDetailsView.xib in Resources */ = {isa = PBXBuildFile; fileRef = F4FFE83B260265D8006257BB /* ProfileDetailsView.xib */; };
		F4FFE83E2602661B006257BB /* ProfileDetailsView.swift in Sources */ = {isa = PBXBuildFile; fileRef = F4FFE83D2602661B006257BB /* ProfileDetailsView.swift */; };
/* End PBXBuildFile section */

/* Begin PBXCopyFilesBuildPhase section */
		F4FD5F9D25E5138A0045D00C /* Embed Frameworks */ = {
			isa = PBXCopyFilesBuildPhase;
			buildActionMask = 2147483647;
			dstPath = "";
			dstSubfolderSpec = 10;
			files = (
				F4FD5F9F25E5138E0045D00C /* (null) in Embed Frameworks */,
			);
			name = "Embed Frameworks";
			runOnlyForDeploymentPostprocessing = 0;
		};
/* End PBXCopyFilesBuildPhase section */

/* Begin PBXFileReference section */
		39BF221B10CA7C2B6DD536EB /* Pods-bucovat.debug.xcconfig */ = {isa = PBXFileReference; includeInIndex = 1; lastKnownFileType = text.xcconfig; name = "Pods-bucovat.debug.xcconfig"; path = "Target Support Files/Pods-bucovat/Pods-bucovat.debug.xcconfig"; sourceTree = "<group>"; };
		A38C32A0F8C99FB5215F9DBF /* Pods_bucovat.framework */ = {isa = PBXFileReference; explicitFileType = wrapper.framework; includeInIndex = 0; path = Pods_bucovat.framework; sourceTree = BUILT_PRODUCTS_DIR; };
		C606F4D6744449EA1A0786F2 /* Pods-bucovat.release.xcconfig */ = {isa = PBXFileReference; includeInIndex = 1; lastKnownFileType = text.xcconfig; name = "Pods-bucovat.release.xcconfig"; path = "Target Support Files/Pods-bucovat/Pods-bucovat.release.xcconfig"; sourceTree = "<group>"; };
		F4095117259E1D6C00F51AE8 /* SideMenuViewController.swift */ = {isa = PBXFileReference; lastKnownFileType = sourcecode.swift; path = SideMenuViewController.swift; sourceTree = "<group>"; };
		F41C0EC72604A49C00F4F45C /* ProfileInfoModel.swift */ = {isa = PBXFileReference; lastKnownFileType = sourcecode.swift; path = ProfileInfoModel.swift; sourceTree = "<group>"; };
		F41C0EC9260528E900F4F45C /* OpenProfileSingleton.swift */ = {isa = PBXFileReference; lastKnownFileType = sourcecode.swift; path = OpenProfileSingleton.swift; sourceTree = "<group>"; };
		F41C0ECB26052DF100F4F45C /* Date+TimeInterval.swift */ = {isa = PBXFileReference; lastKnownFileType = sourcecode.swift; path = "Date+TimeInterval.swift"; sourceTree = "<group>"; };
		F41C0ECD2605FA9C00F4F45C /* CacheService.swift */ = {isa = PBXFileReference; lastKnownFileType = sourcecode.swift; path = CacheService.swift; sourceTree = "<group>"; };
		F41C0EEA260B665600F4F45C /* ImageLoader.swift */ = {isa = PBXFileReference; fileEncoding = 4; lastKnownFileType = sourcecode.swift; path = ImageLoader.swift; sourceTree = "<group>"; };
		F41C0EEB260B665600F4F45C /* UIImageLoader.swift */ = {isa = PBXFileReference; fileEncoding = 4; lastKnownFileType = sourcecode.swift; path = UIImageLoader.swift; sourceTree = "<group>"; };
		F41C0EEE260B669300F4F45C /* ImageViewExt.swift */ = {isa = PBXFileReference; fileEncoding = 4; lastKnownFileType = sourcecode.swift; path = ImageViewExt.swift; sourceTree = "<group>"; };
		F4268A732622495700444E3D /* UserTypesandWrapper.swift */ = {isa = PBXFileReference; lastKnownFileType = sourcecode.swift; path = UserTypesandWrapper.swift; sourceTree = "<group>"; };
		F4268A75262CDF6F00444E3D /* TunedErrors.swift */ = {isa = PBXFileReference; lastKnownFileType = sourcecode.swift; path = TunedErrors.swift; sourceTree = "<group>"; };
		F4268A77262CE2C800444E3D /* FeedProfileInfoController.swift */ = {isa = PBXFileReference; lastKnownFileType = sourcecode.swift; path = FeedProfileInfoController.swift; sourceTree = "<group>"; };
		F42CE54D25E509E000DB5F0A /* ProfileViewController.swift */ = {isa = PBXFileReference; lastKnownFileType = sourcecode.swift; path = ProfileViewController.swift; sourceTree = "<group>"; };
		F434A1A9259DF99F0025A847 /* GoogleService-Info.plist */ = {isa = PBXFileReference; fileEncoding = 4; lastKnownFileType = text.plist.xml; path = "GoogleService-Info.plist"; sourceTree = "<group>"; };
		F452C0D325EEAA7300640B55 /* UIButtonExtensions.swift */ = {isa = PBXFileReference; lastKnownFileType = sourcecode.swift; path = UIButtonExtensions.swift; sourceTree = "<group>"; };
		F452C0F225EFB97200640B55 /* UIViewExt.swift */ = {isa = PBXFileReference; lastKnownFileType = sourcecode.swift; path = UIViewExt.swift; sourceTree = "<group>"; };
		F464C7B8260DD638004F4967 /* ImageCache.swift */ = {isa = PBXFileReference; lastKnownFileType = sourcecode.swift; path = ImageCache.swift; sourceTree = "<group>"; };
		F464C7F826166D9E004F4967 /* CompanyViewCell.swift */ = {isa = PBXFileReference; lastKnownFileType = sourcecode.swift; path = CompanyViewCell.swift; sourceTree = "<group>"; };
		F464C8182617AEB4004F4967 /* Main.storyboard */ = {isa = PBXFileReference; fileEncoding = 4; lastKnownFileType = file.storyboard; path = Main.storyboard; sourceTree = "<group>"; };
		F464C81A261886E7004F4967 /* HomeViewModel.swift */ = {isa = PBXFileReference; lastKnownFileType = sourcecode.swift; name = HomeViewModel.swift; path = "bucovat/View Controllers/HomeViewModel.swift"; sourceTree = SOURCE_ROOT; };
		F464C81C2618AA62004F4967 /* HomeController.swift */ = {isa = PBXFileReference; lastKnownFileType = sourcecode.swift; path = HomeController.swift; sourceTree = "<group>"; };
		F464C81E261A1638004F4967 /* CompanyViewModel.swift */ = {isa = PBXFileReference; lastKnownFileType = sourcecode.swift; path = CompanyViewModel.swift; sourceTree = "<group>"; };
		F464C820261B0B28004F4967 /* CellConfigurable.swift */ = {isa = PBXFileReference; lastKnownFileType = sourcecode.swift; path = CellConfigurable.swift; sourceTree = "<group>"; };
		F493151A25DD5D7400314486 /* CellModel.swift */ = {isa = PBXFileReference; lastKnownFileType = sourcecode.swift; path = CellModel.swift; sourceTree = "<group>"; };
		F493151E25DD5E0900314486 /* UserCredentialsModel.swift */ = {isa = PBXFileReference; lastKnownFileType = sourcecode.swift; path = UserCredentialsModel.swift; sourceTree = "<group>"; };
		F4954CAF25E28818008E7B69 /* InitialViewController.swift */ = {isa = PBXFileReference; lastKnownFileType = sourcecode.swift; path = InitialViewController.swift; sourceTree = "<group>"; };
		F49A2A9925E2DEC900DB8080 /* gifLoad.swift */ = {isa = PBXFileReference; fileEncoding = 4; lastKnownFileType = sourcecode.swift; name = gifLoad.swift; path = bucovat/gifLoad.swift; sourceTree = SOURCE_ROOT; };
		F4B284D2259A4A32005F6565 /* bucovat.app */ = {isa = PBXFileReference; explicitFileType = wrapper.application; includeInIndex = 0; path = bucovat.app; sourceTree = BUILT_PRODUCTS_DIR; };
		F4B284D5259A4A32005F6565 /* AppDelegate.swift */ = {isa = PBXFileReference; lastKnownFileType = sourcecode.swift; path = AppDelegate.swift; sourceTree = "<group>"; };
		F4B284D7259A4A32005F6565 /* SceneDelegate.swift */ = {isa = PBXFileReference; lastKnownFileType = sourcecode.swift; path = SceneDelegate.swift; sourceTree = "<group>"; };
		F4B284D9259A4A32005F6565 /* ViewController.swift */ = {isa = PBXFileReference; lastKnownFileType = sourcecode.swift; path = ViewController.swift; sourceTree = "<group>"; };
		F4B284DE259A4A36005F6565 /* Assets.xcassets */ = {isa = PBXFileReference; lastKnownFileType = folder.assetcatalog; path = Assets.xcassets; sourceTree = "<group>"; };
		F4B284E1259A4A36005F6565 /* Base */ = {isa = PBXFileReference; lastKnownFileType = file.storyboard; name = Base; path = Base.lproj/LaunchScreen.storyboard; sourceTree = "<group>"; };
		F4B284E3259A4A36005F6565 /* Info.plist */ = {isa = PBXFileReference; lastKnownFileType = text.plist.xml; path = Info.plist; sourceTree = "<group>"; };
		F4B284F5259B68EA005F6565 /* HomeVC.swift */ = {isa = PBXFileReference; lastKnownFileType = sourcecode.swift; path = HomeVC.swift; sourceTree = "<group>"; };
		F4B284F8259B69AC005F6565 /* CustomMessageCell.swift */ = {isa = PBXFileReference; lastKnownFileType = sourcecode.swift; path = CustomMessageCell.swift; sourceTree = "<group>"; };
		F4BDAE5C25D2AE3C000BB7EF /* AddPost.swift */ = {isa = PBXFileReference; lastKnownFileType = sourcecode.swift; path = AddPost.swift; sourceTree = "<group>"; };
		F4BDAE5F25D3C23D000BB7EF /* AddNewPostButton.swift */ = {isa = PBXFileReference; lastKnownFileType = sourcecode.swift; path = AddNewPostButton.swift; sourceTree = "<group>"; };
		F4D7A8EF259F8009008C2CDA /* LoginViewController.swift */ = {isa = PBXFileReference; lastKnownFileType = sourcecode.swift; path = LoginViewController.swift; sourceTree = "<group>"; };
		F4D7A8F4259F8153008C2CDA /* Constants.swift */ = {isa = PBXFileReference; fileEncoding = 4; lastKnownFileType = sourcecode.swift; path = Constants.swift; sourceTree = "<group>"; };
		F4D7A8F5259F8153008C2CDA /* Utilities.swift */ = {isa = PBXFileReference; fileEncoding = 4; lastKnownFileType = sourcecode.swift; path = Utilities.swift; sourceTree = "<group>"; };
		F4DD21CD25F6555800A101EA /* PhotoSliderView.swift */ = {isa = PBXFileReference; fileEncoding = 4; lastKnownFileType = sourcecode.swift; path = PhotoSliderView.swift; sourceTree = "<group>"; };
		F4EC060025DBB67100DECB38 /* KeyboardToolbar.swift */ = {isa = PBXFileReference; lastKnownFileType = sourcecode.swift; path = KeyboardToolbar.swift; sourceTree = "<group>"; };
		F4EC060325DBB6C200DECB38 /* KeyboardToolbarButton.swift */ = {isa = PBXFileReference; lastKnownFileType = sourcecode.swift; path = KeyboardToolbarButton.swift; sourceTree = "<group>"; };
		F4EC060625DBCF1300DECB38 /* ImageCell.swift */ = {isa = PBXFileReference; lastKnownFileType = sourcecode.swift; path = ImageCell.swift; sourceTree = "<group>"; };
		F4EC065B25DD52DC00DECB38 /* FirebaseManager.swift */ = {isa = PBXFileReference; lastKnownFileType = sourcecode.swift; path = FirebaseManager.swift; sourceTree = "<group>"; };
		F4FD5F9A25E513890045D00C /* LFTwitterProfile.framework */ = {isa = PBXFileReference; explicitFileType = wrapper.framework; path = LFTwitterProfile.framework; sourceTree = BUILT_PRODUCTS_DIR; };
		F4FFE831260241B3006257BB /* Observable.swift */ = {isa = PBXFileReference; lastKnownFileType = sourcecode.swift; path = Observable.swift; sourceTree = "<group>"; };
		F4FFE833260241FC006257BB /* ProfileViewModel.swift */ = {isa = PBXFileReference; fileEncoding = 4; lastKnownFileType = sourcecode.swift; path = ProfileViewModel.swift; sourceTree = "<group>"; };
		F4FFE83526024290006257BB /* OpenProfileViewController.swift */ = {isa = PBXFileReference; lastKnownFileType = sourcecode.swift; name = OpenProfileViewController.swift; path = "bucovat/View Controllers/OpenProfileViewController.swift"; sourceTree = SOURCE_ROOT; };
		F4FFE837260243D9006257BB /* OpenProfileController.swift */ = {isa = PBXFileReference; lastKnownFileType = sourcecode.swift; path = OpenProfileController.swift; sourceTree = "<group>"; };
		F4FFE83B260265D8006257BB /* ProfileDetailsView.xib */ = {isa = PBXFileReference; lastKnownFileType = file.xib; path = ProfileDetailsView.xib; sourceTree = "<group>"; };
		F4FFE83D2602661B006257BB /* ProfileDetailsView.swift */ = {isa = PBXFileReference; lastKnownFileType = sourcecode.swift; path = ProfileDetailsView.swift; sourceTree = "<group>"; };
/* End PBXFileReference section */

/* Begin PBXFrameworksBuildPhase section */
		F4B284CF259A4A32005F6565 /* Frameworks */ = {
			isa = PBXFrameworksBuildPhase;
			buildActionMask = 2147483647;
			files = (
				F49AD81C2602986900BA3EFA /* Pods_bucovat.framework in Frameworks */,
			);
			runOnlyForDeploymentPostprocessing = 0;
		};
/* End PBXFrameworksBuildPhase section */

/* Begin PBXGroup section */
		4803B9283509611720847326 /* Frameworks */ = {
			isa = PBXGroup;
			children = (
				F4FD5F9A25E513890045D00C /* LFTwitterProfile.framework */,
				A38C32A0F8C99FB5215F9DBF /* Pods_bucovat.framework */,
			);
			name = Frameworks;
			sourceTree = "<group>";
		};
		80EFBCA43B47F641B23CC6A0 /* Pods */ = {
			isa = PBXGroup;
			children = (
				39BF221B10CA7C2B6DD536EB /* Pods-bucovat.debug.xcconfig */,
				C606F4D6744449EA1A0786F2 /* Pods-bucovat.release.xcconfig */,
			);
			path = Pods;
			sourceTree = "<group>";
		};
		F409E41225DD7B1B009AFA7D /* Support */ = {
			isa = PBXGroup;
			children = (
				F464C8182617AEB4004F4967 /* Main.storyboard */,
				F4B284D5259A4A32005F6565 /* AppDelegate.swift */,
				F4B284D7259A4A32005F6565 /* SceneDelegate.swift */,
				F4B284DE259A4A36005F6565 /* Assets.xcassets */,
				F4B284E0259A4A36005F6565 /* LaunchScreen.storyboard */,
				F4FFE83B260265D8006257BB /* ProfileDetailsView.xib */,
				F4FFE83D2602661B006257BB /* ProfileDetailsView.swift */,
			);
			path = Support;
			sourceTree = "<group>";
		};
		F48A04E725E2BC270032AFDE /* Extensions */ = {
			isa = PBXGroup;
			children = (
				F49A2A9925E2DEC900DB8080 /* gifLoad.swift */,
				F452C0D325EEAA7300640B55 /* UIButtonExtensions.swift */,
				F452C0F225EFB97200640B55 /* UIViewExt.swift */,
				F41C0EEE260B669300F4F45C /* ImageViewExt.swift */,
				F41C0ECB26052DF100F4F45C /* Date+TimeInterval.swift */,
			);
			path = Extensions;
			sourceTree = "<group>";
		};
		F4B284C9259A4A32005F6565 = {
			isa = PBXGroup;
			children = (
				F48A04E725E2BC270032AFDE /* Extensions */,
				F4B284D4259A4A32005F6565 /* bucovat */,
				F4B284D3259A4A32005F6565 /* Products */,
				80EFBCA43B47F641B23CC6A0 /* Pods */,
				4803B9283509611720847326 /* Frameworks */,
			);
			sourceTree = "<group>";
		};
		F4B284D3259A4A32005F6565 /* Products */ = {
			isa = PBXGroup;
			children = (
				F4B284D2259A4A32005F6565 /* bucovat.app */,
			);
			name = Products;
			sourceTree = "<group>";
		};
		F4B284D4259A4A32005F6565 /* bucovat */ = {
			isa = PBXGroup;
			children = (
				F4FFE82E260220BB006257BB /* ViewModels */,
				F409E41225DD7B1B009AFA7D /* Support */,
				F4EC066125DD55B800DECB38 /* Model */,
				F4EC065F25DD531B00DECB38 /* View Controllers */,
				F4EC066025DD535600DECB38 /* Networking */,
				F4EC065E25DD52F400DECB38 /* Views */,
				F4D7A8F3259F8153008C2CDA /* Helpers */,
				F434A1A9259DF99F0025A847 /* GoogleService-Info.plist */,
				F4B284E3259A4A36005F6565 /* Info.plist */,
			);
			path = bucovat;
			sourceTree = "<group>";
		};
		F4D7A8F3259F8153008C2CDA /* Helpers */ = {
			isa = PBXGroup;
			children = (
				F4D7A8F4259F8153008C2CDA /* Constants.swift */,
				F4D7A8F5259F8153008C2CDA /* Utilities.swift */,
				F4FFE831260241B3006257BB /* Observable.swift */,
				F41C0EC9260528E900F4F45C /* OpenProfileSingleton.swift */,
				F41C0EEA260B665600F4F45C /* ImageLoader.swift */,
				F41C0EEB260B665600F4F45C /* UIImageLoader.swift */,
				F41C0ECD2605FA9C00F4F45C /* CacheService.swift */,
				F464C7B8260DD638004F4967 /* ImageCache.swift */,
				F464C820261B0B28004F4967 /* CellConfigurable.swift */,
				F4268A75262CDF6F00444E3D /* TunedErrors.swift */,
			);
			path = Helpers;
			sourceTree = "<group>";
		};
		F4EC065E25DD52F400DECB38 /* Views */ = {
			isa = PBXGroup;
			children = (
				F464C7F826166D9E004F4967 /* CompanyViewCell.swift */,
				F464C81E261A1638004F4967 /* CompanyViewModel.swift */,
				F4EC060625DBCF1300DECB38 /* ImageCell.swift */,
				F4BDAE5F25D3C23D000BB7EF /* AddNewPostButton.swift */,
				F4EC060025DBB67100DECB38 /* KeyboardToolbar.swift */,
				F4EC060325DBB6C200DECB38 /* KeyboardToolbarButton.swift */,
				F4B284F8259B69AC005F6565 /* CustomMessageCell.swift */,
				F4DD21CD25F6555800A101EA /* PhotoSliderView.swift */,
			);
			path = Views;
			sourceTree = "<group>";
		};
		F4EC065F25DD531B00DECB38 /* View Controllers */ = {
			isa = PBXGroup;
			children = (
				F4FFE83526024290006257BB /* OpenProfileViewController.swift */,
				F4FFE837260243D9006257BB /* OpenProfileController.swift */,
				F4B284F5259B68EA005F6565 /* HomeVC.swift */,
				F464C81C2618AA62004F4967 /* HomeController.swift */,
				F4268A77262CE2C800444E3D /* FeedProfileInfoController.swift */,
				F4B284D9259A4A32005F6565 /* ViewController.swift */,
				F42CE54D25E509E000DB5F0A /* ProfileViewController.swift */,
				F4095117259E1D6C00F51AE8 /* SideMenuViewController.swift */,
				F4D7A8EF259F8009008C2CDA /* LoginViewController.swift */,
				F4954CAF25E28818008E7B69 /* InitialViewController.swift */,
				F4BDAE5C25D2AE3C000BB7EF /* AddPost.swift */,
			);
			path = "View Controllers";
			sourceTree = "<group>";
		};
		F4EC066025DD535600DECB38 /* Networking */ = {
			isa = PBXGroup;
			children = (
				F4EC065B25DD52DC00DECB38 /* FirebaseManager.swift */,
			);
			path = Networking;
			sourceTree = "<group>";
		};
		F4EC066125DD55B800DECB38 /* Model */ = {
			isa = PBXGroup;
			children = (
				F493151A25DD5D7400314486 /* CellModel.swift */,
				F493151E25DD5E0900314486 /* UserCredentialsModel.swift */,
				F41C0EC72604A49C00F4F45C /* ProfileInfoModel.swift */,
				F4268A732622495700444E3D /* UserTypesandWrapper.swift */,
			);
			path = Model;
			sourceTree = "<group>";
		};
		F4FFE82E260220BB006257BB /* ViewModels */ = {
			isa = PBXGroup;
			children = (
				F464C81A261886E7004F4967 /* HomeViewModel.swift */,
				F4FFE833260241FC006257BB /* ProfileViewModel.swift */,
			);
			path = ViewModels;
			sourceTree = "<group>";
		};
/* End PBXGroup section */

/* Begin PBXNativeTarget section */
		F4B284D1259A4A32005F6565 /* bucovat */ = {
			isa = PBXNativeTarget;
			buildConfigurationList = F4B284E6259A4A36005F6565 /* Build configuration list for PBXNativeTarget "bucovat" */;
			buildPhases = (
				5C0EBF65CF88C2FDDC984EF0 /* [CP] Check Pods Manifest.lock */,
				F4B284CE259A4A32005F6565 /* Sources */,
				F4B284CF259A4A32005F6565 /* Frameworks */,
				F4B284D0259A4A32005F6565 /* Resources */,
				F4FD5F9D25E5138A0045D00C /* Embed Frameworks */,
				F0655F5F4A416A0FC9046A30 /* [CP] Embed Pods Frameworks */,
			);
			buildRules = (
			);
			dependencies = (
			);
			name = bucovat;
			productName = bucovat;
			productReference = F4B284D2259A4A32005F6565 /* bucovat.app */;
			productType = "com.apple.product-type.application";
		};
/* End PBXNativeTarget section */

/* Begin PBXProject section */
		F4B284CA259A4A32005F6565 /* Project object */ = {
			isa = PBXProject;
			attributes = {
				LastSwiftUpdateCheck = 1210;
				LastUpgradeCheck = 1210;
				TargetAttributes = {
					F4B284D1259A4A32005F6565 = {
						CreatedOnToolsVersion = 12.1;
					};
				};
			};
			buildConfigurationList = F4B284CD259A4A32005F6565 /* Build configuration list for PBXProject "bucovat" */;
			compatibilityVersion = "Xcode 9.3";
			developmentRegion = en;
			hasScannedForEncodings = 0;
			knownRegions = (
				en,
				Base,
			);
			mainGroup = F4B284C9259A4A32005F6565;
			productRefGroup = F4B284D3259A4A32005F6565 /* Products */;
			projectDirPath = "";
			projectRoot = "";
			targets = (
				F4B284D1259A4A32005F6565 /* bucovat */,
			);
		};
/* End PBXProject section */

/* Begin PBXResourcesBuildPhase section */
		F4B284D0259A4A32005F6565 /* Resources */ = {
			isa = PBXResourcesBuildPhase;
			buildActionMask = 2147483647;
			files = (
				F4B284E2259A4A36005F6565 /* LaunchScreen.storyboard in Resources */,
				F464C8192617AEB4004F4967 /* Main.storyboard in Resources */,
				F4B284DF259A4A36005F6565 /* Assets.xcassets in Resources */,
				F434A1AA259DF99F0025A847 /* GoogleService-Info.plist in Resources */,
				F4FFE83C260265D8006257BB /* ProfileDetailsView.xib in Resources */,
			);
			runOnlyForDeploymentPostprocessing = 0;
		};
/* End PBXResourcesBuildPhase section */

/* Begin PBXShellScriptBuildPhase section */
		5C0EBF65CF88C2FDDC984EF0 /* [CP] Check Pods Manifest.lock */ = {
			isa = PBXShellScriptBuildPhase;
			buildActionMask = 2147483647;
			files = (
			);
			inputFileListPaths = (
			);
			inputPaths = (
				"${PODS_PODFILE_DIR_PATH}/Podfile.lock",
				"${PODS_ROOT}/Manifest.lock",
			);
			name = "[CP] Check Pods Manifest.lock";
			outputFileListPaths = (
			);
			outputPaths = (
				"$(DERIVED_FILE_DIR)/Pods-bucovat-checkManifestLockResult.txt",
			);
			runOnlyForDeploymentPostprocessing = 0;
			shellPath = /bin/sh;
			shellScript = "diff \"${PODS_PODFILE_DIR_PATH}/Podfile.lock\" \"${PODS_ROOT}/Manifest.lock\" > /dev/null\nif [ $? != 0 ] ; then\n    # print error to STDERR\n    echo \"error: The sandbox is not in sync with the Podfile.lock. Run 'pod install' or update your CocoaPods installation.\" >&2\n    exit 1\nfi\n# This output is used by Xcode 'outputs' to avoid re-running this script phase.\necho \"SUCCESS\" > \"${SCRIPT_OUTPUT_FILE_0}\"\n";
			showEnvVarsInLog = 0;
		};
		F0655F5F4A416A0FC9046A30 /* [CP] Embed Pods Frameworks */ = {
			isa = PBXShellScriptBuildPhase;
			buildActionMask = 2147483647;
			files = (
			);
			inputFileListPaths = (
				"${PODS_ROOT}/Target Support Files/Pods-bucovat/Pods-bucovat-frameworks-${CONFIGURATION}-input-files.xcfilelist",
			);
			name = "[CP] Embed Pods Frameworks";
			outputFileListPaths = (
				"${PODS_ROOT}/Target Support Files/Pods-bucovat/Pods-bucovat-frameworks-${CONFIGURATION}-output-files.xcfilelist",
			);
			runOnlyForDeploymentPostprocessing = 0;
			shellPath = /bin/sh;
			shellScript = "\"${PODS_ROOT}/Target Support Files/Pods-bucovat/Pods-bucovat-frameworks.sh\"\n";
			showEnvVarsInLog = 0;
		};
/* End PBXShellScriptBuildPhase section */

/* Begin PBXSourcesBuildPhase section */
		F4B284CE259A4A32005F6565 /* Sources */ = {
			isa = PBXSourcesBuildPhase;
			buildActionMask = 2147483647;
			files = (
				F4DD21CE25F6555800A101EA /* PhotoSliderView.swift in Sources */,
				F4D7A8F0259F8009008C2CDA /* LoginViewController.swift in Sources */,
				F452C0F325EFB97200640B55 /* UIViewExt.swift in Sources */,
				F4B284DA259A4A32005F6565 /* ViewController.swift in Sources */,
				F42CE54E25E509E000DB5F0A /* ProfileViewController.swift in Sources */,
				F41C0EEC260B665600F4F45C /* ImageLoader.swift in Sources */,
				F4B284F9259B69AC005F6565 /* CustomMessageCell.swift in Sources */,
				F4954CB025E28818008E7B69 /* InitialViewController.swift in Sources */,
				F464C7F926166D9E004F4967 /* CompanyViewCell.swift in Sources */,
				F4FFE838260243D9006257BB /* OpenProfileController.swift in Sources */,
				F4B284F6259B68EA005F6565 /* HomeVC.swift in Sources */,
				F4268A78262CE2C800444E3D /* FeedProfileInfoController.swift in Sources */,
				F452C0D425EEAA7300640B55 /* UIButtonExtensions.swift in Sources */,
				F4EC060425DBB6C200DECB38 /* KeyboardToolbarButton.swift in Sources */,
				F4FFE832260241B3006257BB /* Observable.swift in Sources */,
				F4268A742622495700444E3D /* UserTypesandWrapper.swift in Sources */,
				F4EC060725DBCF1300DECB38 /* ImageCell.swift in Sources */,
				F4EC060125DBB67100DECB38 /* KeyboardToolbar.swift in Sources */,
				F4FFE83E2602661B006257BB /* ProfileDetailsView.swift in Sources */,
				F4B284D6259A4A32005F6565 /* AppDelegate.swift in Sources */,
				F4FFE834260241FC006257BB /* ProfileViewModel.swift in Sources */,
				F464C81B261886E8004F4967 /* HomeViewModel.swift in Sources */,
				F41C0EEF260B669300F4F45C /* ImageViewExt.swift in Sources */,
				F4BDAE5D25D2AE3C000BB7EF /* AddPost.swift in Sources */,
				F41C0ECE2605FA9C00F4F45C /* CacheService.swift in Sources */,
				F49A2A9A25E2DEC900DB8080 /* gifLoad.swift in Sources */,
				F493151F25DD5E0900314486 /* UserCredentialsModel.swift in Sources */,
				F464C821261B0B28004F4967 /* CellConfigurable.swift in Sources */,
				F41C0EED260B665600F4F45C /* UIImageLoader.swift in Sources */,
				F4268A76262CDF6F00444E3D /* TunedErrors.swift in Sources */,
				F41C0EC82604A49C00F4F45C /* ProfileInfoModel.swift in Sources */,
				F4095118259E1D6C00F51AE8 /* SideMenuViewController.swift in Sources */,
				F464C81F261A1638004F4967 /* CompanyViewModel.swift in Sources */,
				F4D7A8F7259F8153008C2CDA /* Utilities.swift in Sources */,
				F41C0ECA260528E900F4F45C /* OpenProfileSingleton.swift in Sources */,
				F493151B25DD5D7400314486 /* CellModel.swift in Sources */,
				F41C0ECC26052DF100F4F45C /* Date+TimeInterval.swift in Sources */,
				F464C81D2618AA62004F4967 /* HomeController.swift in Sources */,
				F464C7B9260DD638004F4967 /* ImageCache.swift in Sources */,
				F4BDAE6025D3C23D000BB7EF /* AddNewPostButton.swift in Sources */,
				F4EC065C25DD52DD00DECB38 /* FirebaseManager.swift in Sources */,
				F4B284D8259A4A32005F6565 /* SceneDelegate.swift in Sources */,
				F4FFE83626024290006257BB /* OpenProfileViewController.swift in Sources */,
				F4D7A8F6259F8153008C2CDA /* Constants.swift in Sources */,
			);
			runOnlyForDeploymentPostprocessing = 0;
		};
/* End PBXSourcesBuildPhase section */

/* Begin PBXVariantGroup section */
		F4B284E0259A4A36005F6565 /* LaunchScreen.storyboard */ = {
			isa = PBXVariantGroup;
			children = (
				F4B284E1259A4A36005F6565 /* Base */,
			);
			name = LaunchScreen.storyboard;
			sourceTree = "<group>";
		};
/* End PBXVariantGroup section */

/* Begin XCBuildConfiguration section */
		F4B284E4259A4A36005F6565 /* Debug */ = {
			isa = XCBuildConfiguration;
			buildSettings = {
				ALWAYS_SEARCH_USER_PATHS = NO;
				CLANG_ANALYZER_NONNULL = YES;
				CLANG_ANALYZER_NUMBER_OBJECT_CONVERSION = YES_AGGRESSIVE;
				CLANG_CXX_LANGUAGE_STANDARD = "gnu++14";
				CLANG_CXX_LIBRARY = "libc++";
				CLANG_ENABLE_MODULES = YES;
				CLANG_ENABLE_OBJC_ARC = YES;
				CLANG_ENABLE_OBJC_WEAK = YES;
				CLANG_WARN_BLOCK_CAPTURE_AUTORELEASING = YES;
				CLANG_WARN_BOOL_CONVERSION = YES;
				CLANG_WARN_COMMA = YES;
				CLANG_WARN_CONSTANT_CONVERSION = YES;
				CLANG_WARN_DEPRECATED_OBJC_IMPLEMENTATIONS = YES;
				CLANG_WARN_DIRECT_OBJC_ISA_USAGE = YES_ERROR;
				CLANG_WARN_DOCUMENTATION_COMMENTS = YES;
				CLANG_WARN_EMPTY_BODY = YES;
				CLANG_WARN_ENUM_CONVERSION = YES;
				CLANG_WARN_INFINITE_RECURSION = YES;
				CLANG_WARN_INT_CONVERSION = YES;
				CLANG_WARN_NON_LITERAL_NULL_CONVERSION = YES;
				CLANG_WARN_OBJC_IMPLICIT_RETAIN_SELF = YES;
				CLANG_WARN_OBJC_LITERAL_CONVERSION = YES;
				CLANG_WARN_OBJC_ROOT_CLASS = YES_ERROR;
				CLANG_WARN_QUOTED_INCLUDE_IN_FRAMEWORK_HEADER = YES;
				CLANG_WARN_RANGE_LOOP_ANALYSIS = YES;
				CLANG_WARN_STRICT_PROTOTYPES = YES;
				CLANG_WARN_SUSPICIOUS_MOVE = YES;
				CLANG_WARN_UNGUARDED_AVAILABILITY = YES_AGGRESSIVE;
				CLANG_WARN_UNREACHABLE_CODE = YES;
				CLANG_WARN__DUPLICATE_METHOD_MATCH = YES;
				COPY_PHASE_STRIP = NO;
				DEBUG_INFORMATION_FORMAT = dwarf;
				ENABLE_STRICT_OBJC_MSGSEND = YES;
				ENABLE_TESTABILITY = YES;
				GCC_C_LANGUAGE_STANDARD = gnu11;
				GCC_DYNAMIC_NO_PIC = NO;
				GCC_NO_COMMON_BLOCKS = YES;
				GCC_OPTIMIZATION_LEVEL = 0;
				GCC_PREPROCESSOR_DEFINITIONS = (
					"DEBUG=1",
					"$(inherited)",
				);
				GCC_WARN_64_TO_32_BIT_CONVERSION = YES;
				GCC_WARN_ABOUT_RETURN_TYPE = YES_ERROR;
				GCC_WARN_UNDECLARED_SELECTOR = YES;
				GCC_WARN_UNINITIALIZED_AUTOS = YES_AGGRESSIVE;
				GCC_WARN_UNUSED_FUNCTION = YES;
				GCC_WARN_UNUSED_VARIABLE = YES;
				IPHONEOS_DEPLOYMENT_TARGET = 14.1;
				MTL_ENABLE_DEBUG_INFO = INCLUDE_SOURCE;
				MTL_FAST_MATH = YES;
				ONLY_ACTIVE_ARCH = YES;
				SDKROOT = iphoneos;
				SWIFT_ACTIVE_COMPILATION_CONDITIONS = DEBUG;
				SWIFT_OPTIMIZATION_LEVEL = "-Onone";
			};
			name = Debug;
		};
		F4B284E5259A4A36005F6565 /* Release */ = {
			isa = XCBuildConfiguration;
			buildSettings = {
				ALWAYS_SEARCH_USER_PATHS = NO;
				CLANG_ANALYZER_NONNULL = YES;
				CLANG_ANALYZER_NUMBER_OBJECT_CONVERSION = YES_AGGRESSIVE;
				CLANG_CXX_LANGUAGE_STANDARD = "gnu++14";
				CLANG_CXX_LIBRARY = "libc++";
				CLANG_ENABLE_MODULES = YES;
				CLANG_ENABLE_OBJC_ARC = YES;
				CLANG_ENABLE_OBJC_WEAK = YES;
				CLANG_WARN_BLOCK_CAPTURE_AUTORELEASING = YES;
				CLANG_WARN_BOOL_CONVERSION = YES;
				CLANG_WARN_COMMA = YES;
				CLANG_WARN_CONSTANT_CONVERSION = YES;
				CLANG_WARN_DEPRECATED_OBJC_IMPLEMENTATIONS = YES;
				CLANG_WARN_DIRECT_OBJC_ISA_USAGE = YES_ERROR;
				CLANG_WARN_DOCUMENTATION_COMMENTS = YES;
				CLANG_WARN_EMPTY_BODY = YES;
				CLANG_WARN_ENUM_CONVERSION = YES;
				CLANG_WARN_INFINITE_RECURSION = YES;
				CLANG_WARN_INT_CONVERSION = YES;
				CLANG_WARN_NON_LITERAL_NULL_CONVERSION = YES;
				CLANG_WARN_OBJC_IMPLICIT_RETAIN_SELF = YES;
				CLANG_WARN_OBJC_LITERAL_CONVERSION = YES;
				CLANG_WARN_OBJC_ROOT_CLASS = YES_ERROR;
				CLANG_WARN_QUOTED_INCLUDE_IN_FRAMEWORK_HEADER = YES;
				CLANG_WARN_RANGE_LOOP_ANALYSIS = YES;
				CLANG_WARN_STRICT_PROTOTYPES = YES;
				CLANG_WARN_SUSPICIOUS_MOVE = YES;
				CLANG_WARN_UNGUARDED_AVAILABILITY = YES_AGGRESSIVE;
				CLANG_WARN_UNREACHABLE_CODE = YES;
				CLANG_WARN__DUPLICATE_METHOD_MATCH = YES;
				COPY_PHASE_STRIP = NO;
				DEBUG_INFORMATION_FORMAT = "dwarf-with-dsym";
				ENABLE_NS_ASSERTIONS = NO;
				ENABLE_STRICT_OBJC_MSGSEND = YES;
				GCC_C_LANGUAGE_STANDARD = gnu11;
				GCC_NO_COMMON_BLOCKS = YES;
				GCC_WARN_64_TO_32_BIT_CONVERSION = YES;
				GCC_WARN_ABOUT_RETURN_TYPE = YES_ERROR;
				GCC_WARN_UNDECLARED_SELECTOR = YES;
				GCC_WARN_UNINITIALIZED_AUTOS = YES_AGGRESSIVE;
				GCC_WARN_UNUSED_FUNCTION = YES;
				GCC_WARN_UNUSED_VARIABLE = YES;
				IPHONEOS_DEPLOYMENT_TARGET = 14.1;
				MTL_ENABLE_DEBUG_INFO = NO;
				MTL_FAST_MATH = YES;
				SDKROOT = iphoneos;
				SWIFT_COMPILATION_MODE = wholemodule;
				SWIFT_OPTIMIZATION_LEVEL = "-O";
				VALIDATE_PRODUCT = YES;
			};
			name = Release;
		};
		F4B284E7259A4A36005F6565 /* Debug */ = {
			isa = XCBuildConfiguration;
			baseConfigurationReference = 39BF221B10CA7C2B6DD536EB /* Pods-bucovat.debug.xcconfig */;
			buildSettings = {
				ASSETCATALOG_COMPILER_APPICON_NAME = AppIcon;
				ASSETCATALOG_COMPILER_GLOBAL_ACCENT_COLOR_NAME = AccentColor;
				CODE_SIGN_STYLE = Automatic;
				DEVELOPMENT_TEAM = U8D7C25Z8H;
				INFOPLIST_FILE = bucovat/Info.plist;
				LD_RUNPATH_SEARCH_PATHS = (
					"$(inherited)",
					"@executable_path/Frameworks",
				);
				ONLY_ACTIVE_ARCH = YES;
				PRODUCT_BUNDLE_IDENTIFIER = com.arnoldmtr.bucovat;
				PRODUCT_NAME = "$(TARGET_NAME)";
				SWIFT_VERSION = 5.0;
				TARGETED_DEVICE_FAMILY = "1,2";
			};
			name = Debug;
		};
		F4B284E8259A4A36005F6565 /* Release */ = {
			isa = XCBuildConfiguration;
			baseConfigurationReference = C606F4D6744449EA1A0786F2 /* Pods-bucovat.release.xcconfig */;
			buildSettings = {
				ASSETCATALOG_COMPILER_APPICON_NAME = AppIcon;
				ASSETCATALOG_COMPILER_GLOBAL_ACCENT_COLOR_NAME = AccentColor;
				CODE_SIGN_STYLE = Automatic;
				DEVELOPMENT_TEAM = U8D7C25Z8H;
				INFOPLIST_FILE = bucovat/Info.plist;
				LD_RUNPATH_SEARCH_PATHS = (
					"$(inherited)",
					"@executable_path/Frameworks",
				);
				PRODUCT_BUNDLE_IDENTIFIER = com.arnoldmtr.bucovat;
				PRODUCT_NAME = "$(TARGET_NAME)";
				SWIFT_VERSION = 5.0;
				TARGETED_DEVICE_FAMILY = "1,2";
			};
			name = Release;
		};
/* End XCBuildConfiguration section */

/* Begin XCConfigurationList section */
		F4B284CD259A4A32005F6565 /* Build configuration list for PBXProject "bucovat" */ = {
			isa = XCConfigurationList;
			buildConfigurations = (
				F4B284E4259A4A36005F6565 /* Debug */,
				F4B284E5259A4A36005F6565 /* Release */,
			);
			defaultConfigurationIsVisible = 0;
			defaultConfigurationName = Release;
		};
		F4B284E6259A4A36005F6565 /* Build configuration list for PBXNativeTarget "bucovat" */ = {
			isa = XCConfigurationList;
			buildConfigurations = (
				F4B284E7259A4A36005F6565 /* Debug */,
				F4B284E8259A4A36005F6565 /* Release */,
			);
			defaultConfigurationIsVisible = 0;
			defaultConfigurationName = Release;
		};
/* End XCConfigurationList section */
	};
	rootObject = F4B284CA259A4A32005F6565 /* Project object */;
}
